
Microsoft Visual Studio Solution File, Format Version 12.00
# Visual Studio Version 17
VisualStudioVersion = 17.12.35527.113 d17.12
MinimumVisualStudioVersion = 10.0.40219.1
Project("{FAE04EC0-301F-11D3-BF4B-00C04F79EFBC}") = "Shipping_BackEnd", "Shipping_BackEnd\Shipping_BackEnd.csproj", "{583FF47B-81A5-4B7F-A7BD-E91711E8ABD9}"
EndProject
Project("{FAE04EC0-301F-11D3-BF4B-00C04F79EFBC}") = "Shipping.Core", "Shipping.Core\Shipping.Core.csproj", "{604CBC99-A1E3-4C40-BBB3-271188B43D59}"
EndProject
Project("{FAE04EC0-301F-11D3-BF4B-00C04F79EFBC}") = "Shipping.Repository", "Shipping.Repository\Shipping.Repository.csproj", "{F21EB375-805A-41E1-A1FF-CABE77BD4599}"
EndProject
Project("{FAE04EC0-301F-11D3-BF4B-00C04F79EFBC}") = "Shipping.Service", "Shipping.Service\Shipping.Service.csproj", "{2550A0E6-4D11-4699-BFF2-897E322FF47B}"
EndProject
Global
	GlobalSection(SolutionConfigurationPlatforms) = preSolution
		Debug|Any CPU = Debug|Any CPU
		Release|Any CPU = Release|Any CPU
	EndGlobalSection
	GlobalSection(ProjectConfigurationPlatforms) = postSolution
		{583FF47B-81A5-4B7F-A7BD-E91711E8ABD9}.Debug|Any CPU.ActiveCfg = Debug|Any CPU
		{583FF47B-81A5-4B7F-A7BD-E91711E8ABD9}.Debug|Any CPU.Build.0 = Debug|Any CPU
		{583FF47B-81A5-4B7F-A7BD-E91711E8ABD9}.Release|Any CPU.ActiveCfg = Release|Any CPU
		{583FF47B-81A5-4B7F-A7BD-E91711E8ABD9}.Release|Any CPU.Build.0 = Release|Any CPU
		{604CBC99-A1E3-4C40-BBB3-271188B43D59}.Debug|Any CPU.ActiveCfg = Debug|Any CPU
		{604CBC99-A1E3-4C40-BBB3-271188B43D59}.Debug|Any CPU.Build.0 = Debug|Any CPU
		{604CBC99-A1E3-4C40-BBB3-271188B43D59}.Release|Any CPU.ActiveCfg = Release|Any CPU
		{604CBC99-A1E3-4C40-BBB3-271188B43D59}.Release|Any CPU.Build.0 = Release|Any CPU
		{F21EB375-805A-41E1-A1FF-CABE77BD4599}.Debug|Any CPU.ActiveCfg = Debug|Any CPU
		{F21EB375-805A-41E1-A1FF-CABE77BD4599}.Debug|Any CPU.Build.0 = Debug|Any CPU
		{F21EB375-805A-41E1-A1FF-CABE77BD4599}.Release|Any CPU.ActiveCfg = Release|Any CPU
		{F21EB375-805A-41E1-A1FF-CABE77BD4599}.Release|Any CPU.Build.0 = Release|Any CPU
		{2550A0E6-4D11-4699-BFF2-897E322FF47B}.Debug|Any CPU.ActiveCfg = Debug|Any CPU
		{2550A0E6-4D11-4699-BFF2-897E322FF47B}.Debug|Any CPU.Build.0 = Debug|Any CPU
		{2550A0E6-4D11-4699-BFF2-897E322FF47B}.Release|Any CPU.ActiveCfg = Release|Any CPU
		{2550A0E6-4D11-4699-BFF2-897E322FF47B}.Release|Any CPU.Build.0 = Release|Any CPU
	EndGlobalSection
	GlobalSection(SolutionProperties) = preSolution
		HideSolutionNode = FALSE
	EndGlobalSection
EndGlobal
